
Microsoft Visual Studio Solution File, Format Version 12.00
# Visual Studio Version 17
VisualStudioVersion = 17.1.31903.286
MinimumVisualStudioVersion = 10.0.40219.1
Project("{FAE04EC0-301F-11D3-BF4B-00C04F79EFBC}") = "calculatorChallenge", "calculatorChallenge.csproj", "{0BD9DA74-C987-48B1-BD6F-D0B8941EA72C}"
EndProject
Global
	GlobalSection(SolutionConfigurationPlatforms) = preSolution
		Debug|Any CPU = Debug|Any CPU
		Release|Any CPU = Release|Any CPU
	EndGlobalSection
	GlobalSection(ProjectConfigurationPlatforms) = postSolution
		{0BD9DA74-C987-48B1-BD6F-D0B8941EA72C}.Debug|Any CPU.ActiveCfg = Debug|Any CPU
		{0BD9DA74-C987-48B1-BD6F-D0B8941EA72C}.Debug|Any CPU.Build.0 = Debug|Any CPU
		{0BD9DA74-C987-48B1-BD6F-D0B8941EA72C}.Release|Any CPU.ActiveCfg = Release|Any CPU
		{0BD9DA74-C987-48B1-BD6F-D0B8941EA72C}.Release|Any CPU.Build.0 = Release|Any CPU
	EndGlobalSection
	GlobalSection(SolutionProperties) = preSolution
		HideSolutionNode = FALSE
	EndGlobalSection
	GlobalSection(ExtensibilityGlobals) = postSolution
		SolutionGuid = {3F100BDF-0CAF-4C74-9499-5EC7C5E1B2FE}
	EndGlobalSection
EndGlobal
